// !$*UTF8*$!
{
	archiveVersion = 1;
	classes = {
	};
	objectVersion = 46;
	objects = {

/* Begin PBXBuildFile section */
		4856D38BFCA136CD4CBA1230 /* Pods_DJ_APP.framework in Frameworks */ = {isa = PBXBuildFile; fileRef = 01A6AFA7DBF276DB25548BE5 /* Pods_DJ_APP.framework */; };
		6618CB741F55EC46008C8C6A /* GoogleService-Info.plist in Resources */ = {isa = PBXBuildFile; fileRef = 6618CB731F55EC46008C8C6A /* GoogleService-Info.plist */; };
		66A41DA31FEC15DB004D31FB /* ScehdulingStoryboard.storyboard in Resources */ = {isa = PBXBuildFile; fileRef = 66A41DA21FEC15DB004D31FB /* ScehdulingStoryboard.storyboard */; };
		66A41DA51FEC16F0004D31FB /* schedulingViewController.swift in Sources */ = {isa = PBXBuildFile; fileRef = 66A41DA41FEC16F0004D31FB /* schedulingViewController.swift */; };
		66A41DAD1FEC2909004D31FB /* AudioToolbox.framework in Frameworks */ = {isa = PBXBuildFile; fileRef = 66A41DAC1FEC2908004D31FB /* AudioToolbox.framework */; };
		66A41DAF1FEC291F004D31FB /* CFNetwork.framework in Frameworks */ = {isa = PBXBuildFile; fileRef = 66A41DAE1FEC291F004D31FB /* CFNetwork.framework */; };
		66A41DB11FEC2933004D31FB /* CoreLocation.framework in Frameworks */ = {isa = PBXBuildFile; fileRef = 66A41DB01FEC2932004D31FB /* CoreLocation.framework */; };
		66A41DB31FEC2940004D31FB /* CoreGraphics.framework in Frameworks */ = {isa = PBXBuildFile; fileRef = 66A41DB21FEC2940004D31FB /* CoreGraphics.framework */; };
		66A41DB51FEC2950004D31FB /* QuartzCore.framework in Frameworks */ = {isa = PBXBuildFile; fileRef = 66A41DB41FEC2950004D31FB /* QuartzCore.framework */; };
		66A41DB71FEC2963004D31FB /* Security.framework in Frameworks */ = {isa = PBXBuildFile; fileRef = 66A41DB61FEC2962004D31FB /* Security.framework */; };
		66A41DB91FEC2970004D31FB /* StoreKit.framework in Frameworks */ = {isa = PBXBuildFile; fileRef = 66A41DB81FEC2970004D31FB /* StoreKit.framework */; };
		66A41DBB1FEC297B004D31FB /* SystemConfiguration.framework in Frameworks */ = {isa = PBXBuildFile; fileRef = 66A41DBA1FEC297B004D31FB /* SystemConfiguration.framework */; };
		66A41DBD1FEC2993004D31FB /* libz.tbd in Frameworks */ = {isa = PBXBuildFile; fileRef = 66A41DBC1FEC2993004D31FB /* libz.tbd */; };
		66A41DBF1FEC29A9004D31FB /* libsqlite3.tbd in Frameworks */ = {isa = PBXBuildFile; fileRef = 66A41DBE1FEC29A9004D31FB /* libsqlite3.tbd */; };
		66AA66891FF096CF001ECA58 /* EventsTableViewController.swift in Sources */ = {isa = PBXBuildFile; fileRef = 66AA66881FF096CF001ECA58 /* EventsTableViewController.swift */; };
		66AA668B1FF0977F001ECA58 /* EventCell.swift in Sources */ = {isa = PBXBuildFile; fileRef = 66AA668A1FF0977F001ECA58 /* EventCell.swift */; };
		66AA668D1FF097B4001ECA58 /* addEventViewController.swift in Sources */ = {isa = PBXBuildFile; fileRef = 66AA668C1FF097B4001ECA58 /* addEventViewController.swift */; };
		66B2698F1F97D5D000AECD03 /* SudegnakNo2.otf in Resources */ = {isa = PBXBuildFile; fileRef = 66B2698E1F97D59E00AECD03 /* SudegnakNo2.otf */; };
		66BB35081FED5D01002CE07D /* DJTabController.swift in Sources */ = {isa = PBXBuildFile; fileRef = 66BB35071FED5D01002CE07D /* DJTabController.swift */; };
		66C97C6D1F8FE7DE0051D308 /* DJProfileViewController.swift in Sources */ = {isa = PBXBuildFile; fileRef = 66C97C6C1F8FE7DE0051D308 /* DJProfileViewController.swift */; };
		81A3424AE417E9EB86FDC2EA /* Pods_DJ_APPUITests.framework in Frameworks */ = {isa = PBXBuildFile; fileRef = 1E3E8818780B30E40F585085 /* Pods_DJ_APPUITests.framework */; };
		D801FE0A1FF45707003C2258 /* BaseTrackViewController.swift in Sources */ = {isa = PBXBuildFile; fileRef = D801FE091FF45707003C2258 /* BaseTrackViewController.swift */; };
		D801FE0C1FF46CB8003C2258 /* SongSelectedTrackController.swift in Sources */ = {isa = PBXBuildFile; fileRef = D801FE0B1FF46CB8003C2258 /* SongSelectedTrackController.swift */; };
		D80A18981F5C867200747022 /* RegisterController.swift in Sources */ = {isa = PBXBuildFile; fileRef = D80A18971F5C867200747022 /* RegisterController.swift */; };
		D81321EC1F71C9A900C130AD /* Exensions.swift in Sources */ = {isa = PBXBuildFile; fileRef = D81321EB1F71C9A900C130AD /* Exensions.swift */; };
		D8158AED1FEF0A3100C45946 /* HomeViewController.swift in Sources */ = {isa = PBXBuildFile; fileRef = D8158AEC1FEF0A3000C45946 /* HomeViewController.swift */; };
		D819CF891FBCC67300D60B93 /* SearchCell.swift in Sources */ = {isa = PBXBuildFile; fileRef = D819CF881FBCC67300D60B93 /* SearchCell.swift */; };
		D81A66C01F4F6E3E00543A8F /* AppDelegate.swift in Sources */ = {isa = PBXBuildFile; fileRef = D81A66BF1F4F6E3E00543A8F /* AppDelegate.swift */; };
		D81A66C71F4F6E3E00543A8F /* Assets.xcassets in Resources */ = {isa = PBXBuildFile; fileRef = D81A66C61F4F6E3E00543A8F /* Assets.xcassets */; };
		D81A66CA1F4F6E3E00543A8F /* LaunchScreen.storyboard in Resources */ = {isa = PBXBuildFile; fileRef = D81A66C81F4F6E3E00543A8F /* LaunchScreen.storyboard */; };
		D81A66D51F4F6E3E00543A8F /* DJ_APPTests.swift in Sources */ = {isa = PBXBuildFile; fileRef = D81A66D41F4F6E3E00543A8F /* DJ_APPTests.swift */; };
		D81A66E01F4F6E3E00543A8F /* DJ_APPUITests.swift in Sources */ = {isa = PBXBuildFile; fileRef = D81A66DF1F4F6E3E00543A8F /* DJ_APPUITests.swift */; };
		D81A66F11F4F713F00543A8F /* DJTableViewController.swift in Sources */ = {isa = PBXBuildFile; fileRef = D81A66F01F4F713F00543A8F /* DJTableViewController.swift */; };
		D81A66F31F4F721D00543A8F /* LoginController.swift in Sources */ = {isa = PBXBuildFile; fileRef = D81A66F21F4F721D00543A8F /* LoginController.swift */; };
		D83AFB9E1F75C1C5003B0004 /* SearchTrackViewController.swift in Sources */ = {isa = PBXBuildFile; fileRef = D83AFB9D1F75C1C5003B0004 /* SearchTrackViewController.swift */; };
		D83AFBA01F75CF31003B0004 /* TrackCell.swift in Sources */ = {isa = PBXBuildFile; fileRef = D83AFB9F1F75CF31003B0004 /* TrackCell.swift */; };
		D847BA1F1F6DADAE002C1BE7 /* UserDJ.swift in Sources */ = {isa = PBXBuildFile; fileRef = D847BA1E1F6DADAE002C1BE7 /* UserDJ.swift */; };
		D86732981F54E31C00270D07 /* AddInfoController.swift in Sources */ = {isa = PBXBuildFile; fileRef = D86732971F54E31C00270D07 /* AddInfoController.swift */; };
		D867329A1F54E58E00270D07 /* DJRootViewController.swift in Sources */ = {isa = PBXBuildFile; fileRef = D86732991F54E58E00270D07 /* DJRootViewController.swift */; };
		D88340BE1F737CF400BD9FC2 /* SongTableViewController.swift in Sources */ = {isa = PBXBuildFile; fileRef = D88340BD1F737CF400BD9FC2 /* SongTableViewController.swift */; };
		D89437161FBE8E60002D0E7F /* SelectedTrackViewController.swift in Sources */ = {isa = PBXBuildFile; fileRef = D89437151FBE8E60002D0E7F /* SelectedTrackViewController.swift */; };
		D8996EEF1F7DB8B700FE4E16 /* CustomTabBarController.swift in Sources */ = {isa = PBXBuildFile; fileRef = D8996EEE1F7DB8B700FE4E16 /* CustomTabBarController.swift */; };
		D89A345B1FBA2D8D00D5E2F2 /* TrackItem.swift in Sources */ = {isa = PBXBuildFile; fileRef = D89A345A1FBA2D8D00D5E2F2 /* TrackItem.swift */; };
		D89A345F1FBA2F7500D5E2F2 /* ApiService.swift in Sources */ = {isa = PBXBuildFile; fileRef = D89A345E1FBA2F7500D5E2F2 /* ApiService.swift */; };
		D8AF5C851FF04D1C0095C914 /* RunTimeError.swift in Sources */ = {isa = PBXBuildFile; fileRef = D8AF5C841FF04D1C0095C914 /* RunTimeError.swift */; };
		D8C9D65D1FF1AC26005384CF /* BaseCell.swift in Sources */ = {isa = PBXBuildFile; fileRef = D8C9D65C1FF1AC25005384CF /* BaseCell.swift */; };
		D8C9D65F1FF1B11C005384CF /* DJCell.swift in Sources */ = {isa = PBXBuildFile; fileRef = D8C9D65E1FF1B11C005384CF /* DJCell.swift */; };
		D8C9D6631FF1DD3D005384CF /* SnapshotHelper.swift in Sources */ = {isa = PBXBuildFile; fileRef = D8C9D6621FF1DD3D005384CF /* SnapshotHelper.swift */; };
		EA9727C810593E59222AF0F7 /* Pods_DJ_APPTests.framework in Frameworks */ = {isa = PBXBuildFile; fileRef = 4C7F37CD4B3E866E3B68B5B5 /* Pods_DJ_APPTests.framework */; };
/* End PBXBuildFile section */

/* Begin PBXContainerItemProxy section */
		D81A66D11F4F6E3E00543A8F /* PBXContainerItemProxy */ = {
			isa = PBXContainerItemProxy;
			containerPortal = D81A66B41F4F6E3D00543A8F /* Project object */;
			proxyType = 1;
			remoteGlobalIDString = D81A66BB1F4F6E3E00543A8F;
			remoteInfo = "DJ APP";
		};
		D81A66DC1F4F6E3E00543A8F /* PBXContainerItemProxy */ = {
			isa = PBXContainerItemProxy;
			containerPortal = D81A66B41F4F6E3D00543A8F /* Project object */;
			proxyType = 1;
			remoteGlobalIDString = D81A66BB1F4F6E3E00543A8F;
			remoteInfo = "DJ APP";
		};
/* End PBXContainerItemProxy section */

/* Begin PBXFileReference section */
		01A6AFA7DBF276DB25548BE5 /* Pods_DJ_APP.framework */ = {isa = PBXFileReference; explicitFileType = wrapper.framework; includeInIndex = 0; path = Pods_DJ_APP.framework; sourceTree = BUILT_PRODUCTS_DIR; };
		188BB2A11CC44D1AE4E80D2F /* Pods-DJ APP.release.xcconfig */ = {isa = PBXFileReference; includeInIndex = 1; lastKnownFileType = text.xcconfig; name = "Pods-DJ APP.release.xcconfig"; path = "Pods/Target Support Files/Pods-DJ APP/Pods-DJ APP.release.xcconfig"; sourceTree = "<group>"; };
		1E3E8818780B30E40F585085 /* Pods_DJ_APPUITests.framework */ = {isa = PBXFileReference; explicitFileType = wrapper.framework; includeInIndex = 0; path = Pods_DJ_APPUITests.framework; sourceTree = BUILT_PRODUCTS_DIR; };
		4C7F37CD4B3E866E3B68B5B5 /* Pods_DJ_APPTests.framework */ = {isa = PBXFileReference; explicitFileType = wrapper.framework; includeInIndex = 0; path = Pods_DJ_APPTests.framework; sourceTree = BUILT_PRODUCTS_DIR; };
		551F39FE0AEF518DA8E91F68 /* Pods-DJ APPUITests.release.xcconfig */ = {isa = PBXFileReference; includeInIndex = 1; lastKnownFileType = text.xcconfig; name = "Pods-DJ APPUITests.release.xcconfig"; path = "Pods/Target Support Files/Pods-DJ APPUITests/Pods-DJ APPUITests.release.xcconfig"; sourceTree = "<group>"; };
		5D02D30DA68EF32D9F243A82 /* Pods-DJ APPTests.release.xcconfig */ = {isa = PBXFileReference; includeInIndex = 1; lastKnownFileType = text.xcconfig; name = "Pods-DJ APPTests.release.xcconfig"; path = "Pods/Target Support Files/Pods-DJ APPTests/Pods-DJ APPTests.release.xcconfig"; sourceTree = "<group>"; };
		6618CB731F55EC46008C8C6A /* GoogleService-Info.plist */ = {isa = PBXFileReference; fileEncoding = 4; lastKnownFileType = text.plist.xml; path = "GoogleService-Info.plist"; sourceTree = "<group>"; };
		66A41DA21FEC15DB004D31FB /* ScehdulingStoryboard.storyboard */ = {isa = PBXFileReference; lastKnownFileType = file.storyboard; path = ScehdulingStoryboard.storyboard; sourceTree = "<group>"; };
		66A41DA41FEC16F0004D31FB /* schedulingViewController.swift */ = {isa = PBXFileReference; lastKnownFileType = sourcecode.swift; path = schedulingViewController.swift; sourceTree = "<group>"; };
		66A41DAC1FEC2908004D31FB /* AudioToolbox.framework */ = {isa = PBXFileReference; lastKnownFileType = wrapper.framework; name = AudioToolbox.framework; path = System/Library/Frameworks/AudioToolbox.framework; sourceTree = SDKROOT; };
		66A41DAE1FEC291F004D31FB /* CFNetwork.framework */ = {isa = PBXFileReference; lastKnownFileType = wrapper.framework; name = CFNetwork.framework; path = System/Library/Frameworks/CFNetwork.framework; sourceTree = SDKROOT; };
		66A41DB01FEC2932004D31FB /* CoreLocation.framework */ = {isa = PBXFileReference; lastKnownFileType = wrapper.framework; name = CoreLocation.framework; path = System/Library/Frameworks/CoreLocation.framework; sourceTree = SDKROOT; };
		66A41DB21FEC2940004D31FB /* CoreGraphics.framework */ = {isa = PBXFileReference; lastKnownFileType = wrapper.framework; name = CoreGraphics.framework; path = System/Library/Frameworks/CoreGraphics.framework; sourceTree = SDKROOT; };
		66A41DB41FEC2950004D31FB /* QuartzCore.framework */ = {isa = PBXFileReference; lastKnownFileType = wrapper.framework; name = QuartzCore.framework; path = System/Library/Frameworks/QuartzCore.framework; sourceTree = SDKROOT; };
		66A41DB61FEC2962004D31FB /* Security.framework */ = {isa = PBXFileReference; lastKnownFileType = wrapper.framework; name = Security.framework; path = System/Library/Frameworks/Security.framework; sourceTree = SDKROOT; };
		66A41DB81FEC2970004D31FB /* StoreKit.framework */ = {isa = PBXFileReference; lastKnownFileType = wrapper.framework; name = StoreKit.framework; path = System/Library/Frameworks/StoreKit.framework; sourceTree = SDKROOT; };
		66A41DBA1FEC297B004D31FB /* SystemConfiguration.framework */ = {isa = PBXFileReference; lastKnownFileType = wrapper.framework; name = SystemConfiguration.framework; path = System/Library/Frameworks/SystemConfiguration.framework; sourceTree = SDKROOT; };
		66A41DBC1FEC2993004D31FB /* libz.tbd */ = {isa = PBXFileReference; lastKnownFileType = "sourcecode.text-based-dylib-definition"; name = libz.tbd; path = usr/lib/libz.tbd; sourceTree = SDKROOT; };
		66A41DBE1FEC29A9004D31FB /* libsqlite3.tbd */ = {isa = PBXFileReference; lastKnownFileType = "sourcecode.text-based-dylib-definition"; name = libsqlite3.tbd; path = usr/lib/libsqlite3.tbd; sourceTree = SDKROOT; };
		66AA66881FF096CF001ECA58 /* EventsTableViewController.swift */ = {isa = PBXFileReference; lastKnownFileType = sourcecode.swift; path = EventsTableViewController.swift; sourceTree = "<group>"; };
		66AA668A1FF0977F001ECA58 /* EventCell.swift */ = {isa = PBXFileReference; lastKnownFileType = sourcecode.swift; path = EventCell.swift; sourceTree = "<group>"; };
		66AA668C1FF097B4001ECA58 /* addEventViewController.swift */ = {isa = PBXFileReference; lastKnownFileType = sourcecode.swift; path = addEventViewController.swift; sourceTree = "<group>"; };
		66B2698E1F97D59E00AECD03 /* SudegnakNo2.otf */ = {isa = PBXFileReference; lastKnownFileType = file; path = SudegnakNo2.otf; sourceTree = "<group>"; };
		66BB35071FED5D01002CE07D /* DJTabController.swift */ = {isa = PBXFileReference; lastKnownFileType = sourcecode.swift; path = DJTabController.swift; sourceTree = "<group>"; };
		66C97C6C1F8FE7DE0051D308 /* DJProfileViewController.swift */ = {isa = PBXFileReference; fileEncoding = 4; lastKnownFileType = sourcecode.swift; path = DJProfileViewController.swift; sourceTree = "<group>"; };
		7B57B000E7390BB668F482F7 /* Pods-DJ APP.debug.xcconfig */ = {isa = PBXFileReference; includeInIndex = 1; lastKnownFileType = text.xcconfig; name = "Pods-DJ APP.debug.xcconfig"; path = "Pods/Target Support Files/Pods-DJ APP/Pods-DJ APP.debug.xcconfig"; sourceTree = "<group>"; };
		D801FE091FF45707003C2258 /* BaseTrackViewController.swift */ = {isa = PBXFileReference; lastKnownFileType = sourcecode.swift; path = BaseTrackViewController.swift; sourceTree = "<group>"; };
		D801FE0B1FF46CB8003C2258 /* SongSelectedTrackController.swift */ = {isa = PBXFileReference; lastKnownFileType = sourcecode.swift; path = SongSelectedTrackController.swift; sourceTree = "<group>"; };
		D80A18971F5C867200747022 /* RegisterController.swift */ = {isa = PBXFileReference; fileEncoding = 4; lastKnownFileType = sourcecode.swift; path = RegisterController.swift; sourceTree = "<group>"; };
		D81321EB1F71C9A900C130AD /* Exensions.swift */ = {isa = PBXFileReference; fileEncoding = 4; lastKnownFileType = sourcecode.swift; path = Exensions.swift; sourceTree = "<group>"; };
		D8158AEC1FEF0A3000C45946 /* HomeViewController.swift */ = {isa = PBXFileReference; lastKnownFileType = sourcecode.swift; path = HomeViewController.swift; sourceTree = "<group>"; };
		D819CF881FBCC67300D60B93 /* SearchCell.swift */ = {isa = PBXFileReference; fileEncoding = 4; lastKnownFileType = sourcecode.swift; path = SearchCell.swift; sourceTree = "<group>"; };
		D81A66BC1F4F6E3E00543A8F /* DJ APP.app */ = {isa = PBXFileReference; explicitFileType = wrapper.application; includeInIndex = 0; path = "DJ APP.app"; sourceTree = BUILT_PRODUCTS_DIR; };
		D81A66BF1F4F6E3E00543A8F /* AppDelegate.swift */ = {isa = PBXFileReference; lastKnownFileType = sourcecode.swift; path = AppDelegate.swift; sourceTree = "<group>"; };
		D81A66C61F4F6E3E00543A8F /* Assets.xcassets */ = {isa = PBXFileReference; lastKnownFileType = folder.assetcatalog; path = Assets.xcassets; sourceTree = "<group>"; };
		D81A66C91F4F6E3E00543A8F /* Base */ = {isa = PBXFileReference; lastKnownFileType = file.storyboard; name = Base; path = Base.lproj/LaunchScreen.storyboard; sourceTree = "<group>"; };
		D81A66CB1F4F6E3E00543A8F /* Info.plist */ = {isa = PBXFileReference; lastKnownFileType = text.plist.xml; path = Info.plist; sourceTree = "<group>"; };
		D81A66D01F4F6E3E00543A8F /* DJ APPTests.xctest */ = {isa = PBXFileReference; explicitFileType = wrapper.cfbundle; includeInIndex = 0; path = "DJ APPTests.xctest"; sourceTree = BUILT_PRODUCTS_DIR; };
		D81A66D41F4F6E3E00543A8F /* DJ_APPTests.swift */ = {isa = PBXFileReference; lastKnownFileType = sourcecode.swift; path = DJ_APPTests.swift; sourceTree = "<group>"; };
		D81A66D61F4F6E3E00543A8F /* Info.plist */ = {isa = PBXFileReference; lastKnownFileType = text.plist.xml; path = Info.plist; sourceTree = "<group>"; };
		D81A66DB1F4F6E3E00543A8F /* DJ APPUITests.xctest */ = {isa = PBXFileReference; explicitFileType = wrapper.cfbundle; includeInIndex = 0; path = "DJ APPUITests.xctest"; sourceTree = BUILT_PRODUCTS_DIR; };
		D81A66DF1F4F6E3E00543A8F /* DJ_APPUITests.swift */ = {isa = PBXFileReference; lastKnownFileType = sourcecode.swift; path = DJ_APPUITests.swift; sourceTree = "<group>"; };
		D81A66E11F4F6E3E00543A8F /* Info.plist */ = {isa = PBXFileReference; lastKnownFileType = text.plist.xml; path = Info.plist; sourceTree = "<group>"; };
		D81A66F01F4F713F00543A8F /* DJTableViewController.swift */ = {isa = PBXFileReference; fileEncoding = 4; lastKnownFileType = sourcecode.swift; path = DJTableViewController.swift; sourceTree = "<group>"; };
		D81A66F21F4F721D00543A8F /* LoginController.swift */ = {isa = PBXFileReference; fileEncoding = 4; lastKnownFileType = sourcecode.swift; path = LoginController.swift; sourceTree = "<group>"; };
		D83AFB9D1F75C1C5003B0004 /* SearchTrackViewController.swift */ = {isa = PBXFileReference; fileEncoding = 4; lastKnownFileType = sourcecode.swift; path = SearchTrackViewController.swift; sourceTree = "<group>"; };
		D83AFB9F1F75CF31003B0004 /* TrackCell.swift */ = {isa = PBXFileReference; fileEncoding = 4; lastKnownFileType = sourcecode.swift; path = TrackCell.swift; sourceTree = "<group>"; };
		D847BA1E1F6DADAE002C1BE7 /* UserDJ.swift */ = {isa = PBXFileReference; fileEncoding = 4; lastKnownFileType = sourcecode.swift; path = UserDJ.swift; sourceTree = "<group>"; };
		D86732971F54E31C00270D07 /* AddInfoController.swift */ = {isa = PBXFileReference; fileEncoding = 4; lastKnownFileType = sourcecode.swift; path = AddInfoController.swift; sourceTree = "<group>"; };
		D86732991F54E58E00270D07 /* DJRootViewController.swift */ = {isa = PBXFileReference; fileEncoding = 4; lastKnownFileType = sourcecode.swift; path = DJRootViewController.swift; sourceTree = "<group>"; };
		D88340BD1F737CF400BD9FC2 /* SongTableViewController.swift */ = {isa = PBXFileReference; fileEncoding = 4; lastKnownFileType = sourcecode.swift; path = SongTableViewController.swift; sourceTree = "<group>"; };
		D89437151FBE8E60002D0E7F /* SelectedTrackViewController.swift */ = {isa = PBXFileReference; fileEncoding = 4; lastKnownFileType = sourcecode.swift; path = SelectedTrackViewController.swift; sourceTree = "<group>"; };
		D8996EEE1F7DB8B700FE4E16 /* CustomTabBarController.swift */ = {isa = PBXFileReference; fileEncoding = 4; lastKnownFileType = sourcecode.swift; path = CustomTabBarController.swift; sourceTree = "<group>"; };
		D89A345A1FBA2D8D00D5E2F2 /* TrackItem.swift */ = {isa = PBXFileReference; fileEncoding = 4; lastKnownFileType = sourcecode.swift; path = TrackItem.swift; sourceTree = "<group>"; };
		D89A345E1FBA2F7500D5E2F2 /* ApiService.swift */ = {isa = PBXFileReference; fileEncoding = 4; lastKnownFileType = sourcecode.swift; path = ApiService.swift; sourceTree = "<group>"; };
		D8AF5C841FF04D1C0095C914 /* RunTimeError.swift */ = {isa = PBXFileReference; lastKnownFileType = sourcecode.swift; path = RunTimeError.swift; sourceTree = "<group>"; };
		D8C9D65C1FF1AC25005384CF /* BaseCell.swift */ = {isa = PBXFileReference; lastKnownFileType = sourcecode.swift; path = BaseCell.swift; sourceTree = "<group>"; };
		D8C9D65E1FF1B11C005384CF /* DJCell.swift */ = {isa = PBXFileReference; lastKnownFileType = sourcecode.swift; path = DJCell.swift; sourceTree = "<group>"; };
		D8C9D6621FF1DD3D005384CF /* SnapshotHelper.swift */ = {isa = PBXFileReference; lastKnownFileType = sourcecode.swift; path = SnapshotHelper.swift; sourceTree = "<group>"; };
		DF9E8685B418938DBF98C491 /* Pods-DJ APPUITests.debug.xcconfig */ = {isa = PBXFileReference; includeInIndex = 1; lastKnownFileType = text.xcconfig; name = "Pods-DJ APPUITests.debug.xcconfig"; path = "Pods/Target Support Files/Pods-DJ APPUITests/Pods-DJ APPUITests.debug.xcconfig"; sourceTree = "<group>"; };
		E8B6905941C00083DBA8FAEE /* Pods-DJ APPTests.debug.xcconfig */ = {isa = PBXFileReference; includeInIndex = 1; lastKnownFileType = text.xcconfig; name = "Pods-DJ APPTests.debug.xcconfig"; path = "Pods/Target Support Files/Pods-DJ APPTests/Pods-DJ APPTests.debug.xcconfig"; sourceTree = "<group>"; };
/* End PBXFileReference section */

/* Begin PBXFrameworksBuildPhase section */
		D81A66B91F4F6E3E00543A8F /* Frameworks */ = {
			isa = PBXFrameworksBuildPhase;
			buildActionMask = 2147483647;
			files = (
				66A41DBF1FEC29A9004D31FB /* libsqlite3.tbd in Frameworks */,
				66A41DBD1FEC2993004D31FB /* libz.tbd in Frameworks */,
				66A41DBB1FEC297B004D31FB /* SystemConfiguration.framework in Frameworks */,
				66A41DB91FEC2970004D31FB /* StoreKit.framework in Frameworks */,
				66A41DB71FEC2963004D31FB /* Security.framework in Frameworks */,
				66A41DB51FEC2950004D31FB /* QuartzCore.framework in Frameworks */,
				66A41DB31FEC2940004D31FB /* CoreGraphics.framework in Frameworks */,
				66A41DB11FEC2933004D31FB /* CoreLocation.framework in Frameworks */,
				66A41DAF1FEC291F004D31FB /* CFNetwork.framework in Frameworks */,
				66A41DAD1FEC2909004D31FB /* AudioToolbox.framework in Frameworks */,
				4856D38BFCA136CD4CBA1230 /* Pods_DJ_APP.framework in Frameworks */,
			);
			runOnlyForDeploymentPostprocessing = 0;
		};
		D81A66CD1F4F6E3E00543A8F /* Frameworks */ = {
			isa = PBXFrameworksBuildPhase;
			buildActionMask = 2147483647;
			files = (
				EA9727C810593E59222AF0F7 /* Pods_DJ_APPTests.framework in Frameworks */,
			);
			runOnlyForDeploymentPostprocessing = 0;
		};
		D81A66D81F4F6E3E00543A8F /* Frameworks */ = {
			isa = PBXFrameworksBuildPhase;
			buildActionMask = 2147483647;
			files = (
				81A3424AE417E9EB86FDC2EA /* Pods_DJ_APPUITests.framework in Frameworks */,
			);
			runOnlyForDeploymentPostprocessing = 0;
		};
/* End PBXFrameworksBuildPhase section */

/* Begin PBXGroup section */
		39BD9D6261725C5006D04CA9 /* Pods */ = {
			isa = PBXGroup;
			children = (
				7B57B000E7390BB668F482F7 /* Pods-DJ APP.debug.xcconfig */,
				188BB2A11CC44D1AE4E80D2F /* Pods-DJ APP.release.xcconfig */,
				E8B6905941C00083DBA8FAEE /* Pods-DJ APPTests.debug.xcconfig */,
				5D02D30DA68EF32D9F243A82 /* Pods-DJ APPTests.release.xcconfig */,
				DF9E8685B418938DBF98C491 /* Pods-DJ APPUITests.debug.xcconfig */,
				551F39FE0AEF518DA8E91F68 /* Pods-DJ APPUITests.release.xcconfig */,
			);
			name = Pods;
			sourceTree = "<group>";
		};
		D81321EA1F71C98E00C130AD /* Helpers */ = {
			isa = PBXGroup;
			children = (
				66AA668A1FF0977F001ECA58 /* EventCell.swift */,
				D8C9D6611FF1B4A9005384CF /* User Cells */,
				D81321EB1F71C9A900C130AD /* Exensions.swift */,
				D8C9D6621FF1DD3D005384CF /* SnapshotHelper.swift */,
			);
			name = Helpers;
			sourceTree = "<group>";
		};
		D817FAD61FBBCE4D005C8711 /* User Controllers */ = {
			isa = PBXGroup;
			children = (
				D81A66F01F4F713F00543A8F /* DJTableViewController.swift */,
				D8996EEE1F7DB8B700FE4E16 /* CustomTabBarController.swift */,
				D8158AEC1FEF0A3000C45946 /* HomeViewController.swift */,
				D88340BD1F737CF400BD9FC2 /* SongTableViewController.swift */,
				D83AFB9D1F75C1C5003B0004 /* SearchTrackViewController.swift */,
				D89437151FBE8E60002D0E7F /* SelectedTrackViewController.swift */,
				D801FE0B1FF46CB8003C2258 /* SongSelectedTrackController.swift */,
				66C97C6C1F8FE7DE0051D308 /* DJProfileViewController.swift */,
			);
			name = "User Controllers";
			sourceTree = "<group>";
		};
		D817FAD71FBBCE69005C8711 /* Register Controllers */ = {
			isa = PBXGroup;
			children = (
				D86732971F54E31C00270D07 /* AddInfoController.swift */,
				D80A18971F5C867200747022 /* RegisterController.swift */,
			);
			name = "Register Controllers";
			sourceTree = "<group>";
		};
		D817FAD81FBBCE7E005C8711 /* DJ Controllers */ = {
			isa = PBXGroup;
			children = (
				66A41DA21FEC15DB004D31FB /* ScehdulingStoryboard.storyboard */,
				66AA66881FF096CF001ECA58 /* EventsTableViewController.swift */,
				66AA668C1FF097B4001ECA58 /* addEventViewController.swift */,
				66BB35071FED5D01002CE07D /* DJTabController.swift */,
				D86732991F54E58E00270D07 /* DJRootViewController.swift */,
				66A41DA41FEC16F0004D31FB /* schedulingViewController.swift */,
			);
			name = "DJ Controllers";
			sourceTree = "<group>";
		};
		D81A66B31F4F6E3D00543A8F = {
			isa = PBXGroup;
			children = (
				66B2698E1F97D59E00AECD03 /* SudegnakNo2.otf */,
				D81A66BE1F4F6E3E00543A8F /* DJ APP */,
				D81A66D31F4F6E3E00543A8F /* DJ APPTests */,
				D81A66DE1F4F6E3E00543A8F /* DJ APPUITests */,
				D81A66BD1F4F6E3E00543A8F /* Products */,
				39BD9D6261725C5006D04CA9 /* Pods */,
				EDBA060BA86FF40F2DE1B23A /* Frameworks */,
			);
			sourceTree = "<group>";
		};
		D81A66BD1F4F6E3E00543A8F /* Products */ = {
			isa = PBXGroup;
			children = (
				D81A66BC1F4F6E3E00543A8F /* DJ APP.app */,
				D81A66D01F4F6E3E00543A8F /* DJ APPTests.xctest */,
				D81A66DB1F4F6E3E00543A8F /* DJ APPUITests.xctest */,
			);
			name = Products;
			sourceTree = "<group>";
		};
		D81A66BE1F4F6E3E00543A8F /* DJ APP */ = {
			isa = PBXGroup;
			children = (
				D81A66BF1F4F6E3E00543A8F /* AppDelegate.swift */,
				D89A345D1FBA2F5B00D5E2F2 /* Services */,
				D847BA1D1F6DAD66002C1BE7 /* Model */,
				D81321EA1F71C98E00C130AD /* Helpers */,
				D81A66ED1F4F705700543A8F /* Controllers */,
				D81A66C61F4F6E3E00543A8F /* Assets.xcassets */,
				D81A66C81F4F6E3E00543A8F /* LaunchScreen.storyboard */,
				D81A66CB1F4F6E3E00543A8F /* Info.plist */,
				6618CB731F55EC46008C8C6A /* GoogleService-Info.plist */,
			);
			path = "DJ APP";
			sourceTree = "<group>";
		};
		D81A66D31F4F6E3E00543A8F /* DJ APPTests */ = {
			isa = PBXGroup;
			children = (
				D81A66D41F4F6E3E00543A8F /* DJ_APPTests.swift */,
				D81A66D61F4F6E3E00543A8F /* Info.plist */,
			);
			path = "DJ APPTests";
			sourceTree = "<group>";
		};
		D81A66DE1F4F6E3E00543A8F /* DJ APPUITests */ = {
			isa = PBXGroup;
			children = (
				D81A66DF1F4F6E3E00543A8F /* DJ_APPUITests.swift */,
				D81A66E11F4F6E3E00543A8F /* Info.plist */,
			);
			path = "DJ APPUITests";
			sourceTree = "<group>";
		};
		D81A66ED1F4F705700543A8F /* Controllers */ = {
			isa = PBXGroup;
			children = (
				D81A66F21F4F721D00543A8F /* LoginController.swift */,
				D817FAD61FBBCE4D005C8711 /* User Controllers */,
				D817FAD71FBBCE69005C8711 /* Register Controllers */,
				D817FAD81FBBCE7E005C8711 /* DJ Controllers */,
			);
			name = Controllers;
			sourceTree = "<group>";
		};
		D847BA1D1F6DAD66002C1BE7 /* Model */ = {
			isa = PBXGroup;
			children = (
				D847BA1E1F6DADAE002C1BE7 /* UserDJ.swift */,
				D8AF5C841FF04D1C0095C914 /* RunTimeError.swift */,
				D89A345A1FBA2D8D00D5E2F2 /* TrackItem.swift */,
				D801FE091FF45707003C2258 /* BaseTrackViewController.swift */,
			);
			name = Model;
			sourceTree = "<group>";
		};
		D89A345D1FBA2F5B00D5E2F2 /* Services */ = {
			isa = PBXGroup;
			children = (
				D89A345E1FBA2F7500D5E2F2 /* ApiService.swift */,
			);
			name = Services;
			sourceTree = "<group>";
		};
		D8C9D6611FF1B4A9005384CF /* User Cells */ = {
			isa = PBXGroup;
			children = (
				D8C9D65C1FF1AC25005384CF /* BaseCell.swift */,
				D8C9D65E1FF1B11C005384CF /* DJCell.swift */,
				D83AFB9F1F75CF31003B0004 /* TrackCell.swift */,
				D819CF881FBCC67300D60B93 /* SearchCell.swift */,
			);
			name = "User Cells";
			sourceTree = "<group>";
		};
		EDBA060BA86FF40F2DE1B23A /* Frameworks */ = {
			isa = PBXGroup;
			children = (
				66A41DBE1FEC29A9004D31FB /* libsqlite3.tbd */,
				66A41DBC1FEC2993004D31FB /* libz.tbd */,
				66A41DBA1FEC297B004D31FB /* SystemConfiguration.framework */,
				66A41DB81FEC2970004D31FB /* StoreKit.framework */,
				66A41DB61FEC2962004D31FB /* Security.framework */,
				66A41DB41FEC2950004D31FB /* QuartzCore.framework */,
				66A41DB21FEC2940004D31FB /* CoreGraphics.framework */,
				66A41DB01FEC2932004D31FB /* CoreLocation.framework */,
				66A41DAE1FEC291F004D31FB /* CFNetwork.framework */,
				66A41DAC1FEC2908004D31FB /* AudioToolbox.framework */,
				01A6AFA7DBF276DB25548BE5 /* Pods_DJ_APP.framework */,
				4C7F37CD4B3E866E3B68B5B5 /* Pods_DJ_APPTests.framework */,
				1E3E8818780B30E40F585085 /* Pods_DJ_APPUITests.framework */,
			);
			name = Frameworks;
			sourceTree = "<group>";
		};
/* End PBXGroup section */

/* Begin PBXNativeTarget section */
		D81A66BB1F4F6E3E00543A8F /* DJ APP */ = {
			isa = PBXNativeTarget;
			buildConfigurationList = D81A66E41F4F6E3E00543A8F /* Build configuration list for PBXNativeTarget "DJ APP" */;
			buildPhases = (
				BC2277DDA556E5BE25085CB2 /* [CP] Check Pods Manifest.lock */,
				D81A66B81F4F6E3E00543A8F /* Sources */,
				D81A66B91F4F6E3E00543A8F /* Frameworks */,
				D81A66BA1F4F6E3E00543A8F /* Resources */,
				23774B21ADBDA904CD6166BD /* [CP] Embed Pods Frameworks */,
				DEA9C40D99C883F2649CA4B9 /* [CP] Copy Pods Resources */,
			);
			buildRules = (
			);
			dependencies = (
			);
			name = "DJ APP";
			productName = "DJ APP";
			productReference = D81A66BC1F4F6E3E00543A8F /* DJ APP.app */;
			productType = "com.apple.product-type.application";
		};
		D81A66CF1F4F6E3E00543A8F /* DJ APPTests */ = {
			isa = PBXNativeTarget;
			buildConfigurationList = D81A66E71F4F6E3E00543A8F /* Build configuration list for PBXNativeTarget "DJ APPTests" */;
			buildPhases = (
				6EF382101D2E8A33C24E3E89 /* [CP] Check Pods Manifest.lock */,
				D81A66CC1F4F6E3E00543A8F /* Sources */,
				D81A66CD1F4F6E3E00543A8F /* Frameworks */,
				D81A66CE1F4F6E3E00543A8F /* Resources */,
				BCBA4C1C59B8DF17FE382577 /* [CP] Embed Pods Frameworks */,
				0EB434C39BFD6CEF7B786855 /* [CP] Copy Pods Resources */,
			);
			buildRules = (
			);
			dependencies = (
				D81A66D21F4F6E3E00543A8F /* PBXTargetDependency */,
			);
			name = "DJ APPTests";
			productName = "DJ APPTests";
			productReference = D81A66D01F4F6E3E00543A8F /* DJ APPTests.xctest */;
			productType = "com.apple.product-type.bundle.unit-test";
		};
		D81A66DA1F4F6E3E00543A8F /* DJ APPUITests */ = {
			isa = PBXNativeTarget;
			buildConfigurationList = D81A66EA1F4F6E3E00543A8F /* Build configuration list for PBXNativeTarget "DJ APPUITests" */;
			buildPhases = (
				83D68F5DEB1937BD7AE2B41E /* [CP] Check Pods Manifest.lock */,
				D81A66D71F4F6E3E00543A8F /* Sources */,
				D81A66D81F4F6E3E00543A8F /* Frameworks */,
				D81A66D91F4F6E3E00543A8F /* Resources */,
				DDC1128B5BF4FBF5BD70A60F /* [CP] Embed Pods Frameworks */,
				AF38DE0C56D6BBC64F88814F /* [CP] Copy Pods Resources */,
			);
			buildRules = (
			);
			dependencies = (
				D81A66DD1F4F6E3E00543A8F /* PBXTargetDependency */,
			);
			name = "DJ APPUITests";
			productName = "DJ APPUITests";
			productReference = D81A66DB1F4F6E3E00543A8F /* DJ APPUITests.xctest */;
			productType = "com.apple.product-type.bundle.ui-testing";
		};
/* End PBXNativeTarget section */

/* Begin PBXProject section */
		D81A66B41F4F6E3D00543A8F /* Project object */ = {
			isa = PBXProject;
			attributes = {
				LastSwiftUpdateCheck = 0830;
				LastUpgradeCheck = 0910;
				ORGANIZATIONNAME = "Marquel and Micajuine App Team";
				TargetAttributes = {
					D81A66BB1F4F6E3E00543A8F = {
						CreatedOnToolsVersion = 8.3.3;
						DevelopmentTeam = 97RQYDCCB8;
						ProvisioningStyle = Automatic;
					};
					D81A66CF1F4F6E3E00543A8F = {
						CreatedOnToolsVersion = 8.3.3;
						DevelopmentTeam = 97RQYDCCB8;
						ProvisioningStyle = Automatic;
						TestTargetID = D81A66BB1F4F6E3E00543A8F;
					};
					D81A66DA1F4F6E3E00543A8F = {
						CreatedOnToolsVersion = 8.3.3;
						DevelopmentTeam = 97RQYDCCB8;
						ProvisioningStyle = Automatic;
						TestTargetID = D81A66BB1F4F6E3E00543A8F;
					};
				};
			};
			buildConfigurationList = D81A66B71F4F6E3D00543A8F /* Build configuration list for PBXProject "DJ APP" */;
			compatibilityVersion = "Xcode 3.2";
			developmentRegion = English;
			hasScannedForEncodings = 0;
			knownRegions = (
				en,
				Base,
			);
			mainGroup = D81A66B31F4F6E3D00543A8F;
			productRefGroup = D81A66BD1F4F6E3E00543A8F /* Products */;
			projectDirPath = "";
			projectRoot = "";
			targets = (
				D81A66BB1F4F6E3E00543A8F /* DJ APP */,
				D81A66CF1F4F6E3E00543A8F /* DJ APPTests */,
				D81A66DA1F4F6E3E00543A8F /* DJ APPUITests */,
			);
		};
/* End PBXProject section */

/* Begin PBXResourcesBuildPhase section */
		D81A66BA1F4F6E3E00543A8F /* Resources */ = {
			isa = PBXResourcesBuildPhase;
			buildActionMask = 2147483647;
			files = (
				D81A66CA1F4F6E3E00543A8F /* LaunchScreen.storyboard in Resources */,
				66B2698F1F97D5D000AECD03 /* SudegnakNo2.otf in Resources */,
				D81A66C71F4F6E3E00543A8F /* Assets.xcassets in Resources */,
				6618CB741F55EC46008C8C6A /* GoogleService-Info.plist in Resources */,
				66A41DA31FEC15DB004D31FB /* ScehdulingStoryboard.storyboard in Resources */,
			);
			runOnlyForDeploymentPostprocessing = 0;
		};
		D81A66CE1F4F6E3E00543A8F /* Resources */ = {
			isa = PBXResourcesBuildPhase;
			buildActionMask = 2147483647;
			files = (
			);
			runOnlyForDeploymentPostprocessing = 0;
		};
		D81A66D91F4F6E3E00543A8F /* Resources */ = {
			isa = PBXResourcesBuildPhase;
			buildActionMask = 2147483647;
			files = (
			);
			runOnlyForDeploymentPostprocessing = 0;
		};
/* End PBXResourcesBuildPhase section */

/* Begin PBXShellScriptBuildPhase section */
		0EB434C39BFD6CEF7B786855 /* [CP] Copy Pods Resources */ = {
			isa = PBXShellScriptBuildPhase;
			buildActionMask = 2147483647;
			files = (
			);
			inputPaths = (
			);
			name = "[CP] Copy Pods Resources";
			outputPaths = (
			);
			runOnlyForDeploymentPostprocessing = 0;
			shellPath = /bin/sh;
			shellScript = "\"${SRCROOT}/Pods/Target Support Files/Pods-DJ APPTests/Pods-DJ APPTests-resources.sh\"\n";
			showEnvVarsInLog = 0;
		};
		23774B21ADBDA904CD6166BD /* [CP] Embed Pods Frameworks */ = {
			isa = PBXShellScriptBuildPhase;
			buildActionMask = 2147483647;
			files = (
			);
			inputPaths = (
				"${SRCROOT}/Pods/Target Support Files/Pods-DJ APP/Pods-DJ APP-frameworks.sh",
				"${BUILT_PRODUCTS_DIR}/GTMSessionFetcher/GTMSessionFetcher.framework",
				"${BUILT_PRODUCTS_DIR}/GoogleToolboxForMac/GoogleToolboxForMac.framework",
				"${BUILT_PRODUCTS_DIR}/leveldb-library/leveldb.framework",
				"${BUILT_PRODUCTS_DIR}/nanopb/nanopb.framework",
			);
			name = "[CP] Embed Pods Frameworks";
			outputPaths = (
				"${TARGET_BUILD_DIR}/${FRAMEWORKS_FOLDER_PATH}/GTMSessionFetcher.framework",
				"${TARGET_BUILD_DIR}/${FRAMEWORKS_FOLDER_PATH}/GoogleToolboxForMac.framework",
				"${TARGET_BUILD_DIR}/${FRAMEWORKS_FOLDER_PATH}/leveldb.framework",
				"${TARGET_BUILD_DIR}/${FRAMEWORKS_FOLDER_PATH}/nanopb.framework",
			);
			runOnlyForDeploymentPostprocessing = 0;
			shellPath = /bin/sh;
			shellScript = "\"${SRCROOT}/Pods/Target Support Files/Pods-DJ APP/Pods-DJ APP-frameworks.sh\"\n";
			showEnvVarsInLog = 0;
		};
		6EF382101D2E8A33C24E3E89 /* [CP] Check Pods Manifest.lock */ = {
			isa = PBXShellScriptBuildPhase;
			buildActionMask = 2147483647;
			files = (
			);
			inputPaths = (
				"${PODS_PODFILE_DIR_PATH}/Podfile.lock",
				"${PODS_ROOT}/Manifest.lock",
			);
			name = "[CP] Check Pods Manifest.lock";
			outputPaths = (
				"$(DERIVED_FILE_DIR)/Pods-DJ APPTests-checkManifestLockResult.txt",
			);
			runOnlyForDeploymentPostprocessing = 0;
			shellPath = /bin/sh;
			shellScript = "diff \"${PODS_PODFILE_DIR_PATH}/Podfile.lock\" \"${PODS_ROOT}/Manifest.lock\" > /dev/null\nif [ $? != 0 ] ; then\n    # print error to STDERR\n    echo \"error: The sandbox is not in sync with the Podfile.lock. Run 'pod install' or update your CocoaPods installation.\" >&2\n    exit 1\nfi\n# This output is used by Xcode 'outputs' to avoid re-running this script phase.\necho \"SUCCESS\" > \"${SCRIPT_OUTPUT_FILE_0}\"\n";
			showEnvVarsInLog = 0;
		};
		83D68F5DEB1937BD7AE2B41E /* [CP] Check Pods Manifest.lock */ = {
			isa = PBXShellScriptBuildPhase;
			buildActionMask = 2147483647;
			files = (
			);
			inputPaths = (
				"${PODS_PODFILE_DIR_PATH}/Podfile.lock",
				"${PODS_ROOT}/Manifest.lock",
			);
			name = "[CP] Check Pods Manifest.lock";
			outputPaths = (
				"$(DERIVED_FILE_DIR)/Pods-DJ APPUITests-checkManifestLockResult.txt",
			);
			runOnlyForDeploymentPostprocessing = 0;
			shellPath = /bin/sh;
			shellScript = "diff \"${PODS_PODFILE_DIR_PATH}/Podfile.lock\" \"${PODS_ROOT}/Manifest.lock\" > /dev/null\nif [ $? != 0 ] ; then\n    # print error to STDERR\n    echo \"error: The sandbox is not in sync with the Podfile.lock. Run 'pod install' or update your CocoaPods installation.\" >&2\n    exit 1\nfi\n# This output is used by Xcode 'outputs' to avoid re-running this script phase.\necho \"SUCCESS\" > \"${SCRIPT_OUTPUT_FILE_0}\"\n";
			showEnvVarsInLog = 0;
		};
		AF38DE0C56D6BBC64F88814F /* [CP] Copy Pods Resources */ = {
			isa = PBXShellScriptBuildPhase;
			buildActionMask = 2147483647;
			files = (
			);
			inputPaths = (
			);
			name = "[CP] Copy Pods Resources";
			outputPaths = (
			);
			runOnlyForDeploymentPostprocessing = 0;
			shellPath = /bin/sh;
			shellScript = "\"${SRCROOT}/Pods/Target Support Files/Pods-DJ APPUITests/Pods-DJ APPUITests-resources.sh\"\n";
			showEnvVarsInLog = 0;
		};
		BC2277DDA556E5BE25085CB2 /* [CP] Check Pods Manifest.lock */ = {
			isa = PBXShellScriptBuildPhase;
			buildActionMask = 2147483647;
			files = (
			);
			inputPaths = (
				"${PODS_PODFILE_DIR_PATH}/Podfile.lock",
				"${PODS_ROOT}/Manifest.lock",
			);
			name = "[CP] Check Pods Manifest.lock";
			outputPaths = (
				"$(DERIVED_FILE_DIR)/Pods-DJ APP-checkManifestLockResult.txt",
			);
			runOnlyForDeploymentPostprocessing = 0;
			shellPath = /bin/sh;
			shellScript = "diff \"${PODS_PODFILE_DIR_PATH}/Podfile.lock\" \"${PODS_ROOT}/Manifest.lock\" > /dev/null\nif [ $? != 0 ] ; then\n    # print error to STDERR\n    echo \"error: The sandbox is not in sync with the Podfile.lock. Run 'pod install' or update your CocoaPods installation.\" >&2\n    exit 1\nfi\n# This output is used by Xcode 'outputs' to avoid re-running this script phase.\necho \"SUCCESS\" > \"${SCRIPT_OUTPUT_FILE_0}\"\n";
			showEnvVarsInLog = 0;
		};
		BCBA4C1C59B8DF17FE382577 /* [CP] Embed Pods Frameworks */ = {
			isa = PBXShellScriptBuildPhase;
			buildActionMask = 2147483647;
			files = (
			);
			inputPaths = (
			);
			name = "[CP] Embed Pods Frameworks";
			outputPaths = (
			);
			runOnlyForDeploymentPostprocessing = 0;
			shellPath = /bin/sh;
			shellScript = "\"${SRCROOT}/Pods/Target Support Files/Pods-DJ APPTests/Pods-DJ APPTests-frameworks.sh\"\n";
			showEnvVarsInLog = 0;
		};
		DDC1128B5BF4FBF5BD70A60F /* [CP] Embed Pods Frameworks */ = {
			isa = PBXShellScriptBuildPhase;
			buildActionMask = 2147483647;
			files = (
			);
			inputPaths = (
			);
			name = "[CP] Embed Pods Frameworks";
			outputPaths = (
			);
			runOnlyForDeploymentPostprocessing = 0;
			shellPath = /bin/sh;
			shellScript = "\"${SRCROOT}/Pods/Target Support Files/Pods-DJ APPUITests/Pods-DJ APPUITests-frameworks.sh\"\n";
			showEnvVarsInLog = 0;
		};
		DEA9C40D99C883F2649CA4B9 /* [CP] Copy Pods Resources */ = {
			isa = PBXShellScriptBuildPhase;
			buildActionMask = 2147483647;
			files = (
			);
			inputPaths = (
			);
			name = "[CP] Copy Pods Resources";
			outputPaths = (
			);
			runOnlyForDeploymentPostprocessing = 0;
			shellPath = /bin/sh;
			shellScript = "\"${SRCROOT}/Pods/Target Support Files/Pods-DJ APP/Pods-DJ APP-resources.sh\"\n";
			showEnvVarsInLog = 0;
		};
/* End PBXShellScriptBuildPhase section */

/* Begin PBXSourcesBuildPhase section */
		D81A66B81F4F6E3E00543A8F /* Sources */ = {
			isa = PBXSourcesBuildPhase;
			buildActionMask = 2147483647;
			files = (
				66A41DA51FEC16F0004D31FB /* schedulingViewController.swift in Sources */,
				D89A345B1FBA2D8D00D5E2F2 /* TrackItem.swift in Sources */,
				D80A18981F5C867200747022 /* RegisterController.swift in Sources */,
				D8AF5C851FF04D1C0095C914 /* RunTimeError.swift in Sources */,
				D88340BE1F737CF400BD9FC2 /* SongTableViewController.swift in Sources */,
				D8C9D65F1FF1B11C005384CF /* DJCell.swift in Sources */,
				D8158AED1FEF0A3100C45946 /* HomeViewController.swift in Sources */,
				D8996EEF1F7DB8B700FE4E16 /* CustomTabBarController.swift in Sources */,
				D847BA1F1F6DADAE002C1BE7 /* UserDJ.swift in Sources */,
				66AA66891FF096CF001ECA58 /* EventsTableViewController.swift in Sources */,
				D801FE0C1FF46CB8003C2258 /* SongSelectedTrackController.swift in Sources */,
				D86732981F54E31C00270D07 /* AddInfoController.swift in Sources */,
				D867329A1F54E58E00270D07 /* DJRootViewController.swift in Sources */,
				D83AFBA01F75CF31003B0004 /* TrackCell.swift in Sources */,
				D81A66C01F4F6E3E00543A8F /* AppDelegate.swift in Sources */,
				D8C9D6631FF1DD3D005384CF /* SnapshotHelper.swift in Sources */,
				66BB35081FED5D01002CE07D /* DJTabController.swift in Sources */,
				D81A66F31F4F721D00543A8F /* LoginController.swift in Sources */,
				D81321EC1F71C9A900C130AD /* Exensions.swift in Sources */,
				D89437161FBE8E60002D0E7F /* SelectedTrackViewController.swift in Sources */,
				D801FE0A1FF45707003C2258 /* BaseTrackViewController.swift in Sources */,
				66AA668D1FF097B4001ECA58 /* addEventViewController.swift in Sources */,
				D89A345F1FBA2F7500D5E2F2 /* ApiService.swift in Sources */,
				66C97C6D1F8FE7DE0051D308 /* DJProfileViewController.swift in Sources */,
				D83AFB9E1F75C1C5003B0004 /* SearchTrackViewController.swift in Sources */,
				66AA668B1FF0977F001ECA58 /* EventCell.swift in Sources */,
				D819CF891FBCC67300D60B93 /* SearchCell.swift in Sources */,
				D8C9D65D1FF1AC26005384CF /* BaseCell.swift in Sources */,
				D81A66F11F4F713F00543A8F /* DJTableViewController.swift in Sources */,
			);
			runOnlyForDeploymentPostprocessing = 0;
		};
		D81A66CC1F4F6E3E00543A8F /* Sources */ = {
			isa = PBXSourcesBuildPhase;
			buildActionMask = 2147483647;
			files = (
				D81A66D51F4F6E3E00543A8F /* DJ_APPTests.swift in Sources */,
			);
			runOnlyForDeploymentPostprocessing = 0;
		};
		D81A66D71F4F6E3E00543A8F /* Sources */ = {
			isa = PBXSourcesBuildPhase;
			buildActionMask = 2147483647;
			files = (
				D81A66E01F4F6E3E00543A8F /* DJ_APPUITests.swift in Sources */,
			);
			runOnlyForDeploymentPostprocessing = 0;
		};
/* End PBXSourcesBuildPhase section */

/* Begin PBXTargetDependency section */
		D81A66D21F4F6E3E00543A8F /* PBXTargetDependency */ = {
			isa = PBXTargetDependency;
			target = D81A66BB1F4F6E3E00543A8F /* DJ APP */;
			targetProxy = D81A66D11F4F6E3E00543A8F /* PBXContainerItemProxy */;
		};
		D81A66DD1F4F6E3E00543A8F /* PBXTargetDependency */ = {
			isa = PBXTargetDependency;
			target = D81A66BB1F4F6E3E00543A8F /* DJ APP */;
			targetProxy = D81A66DC1F4F6E3E00543A8F /* PBXContainerItemProxy */;
		};
/* End PBXTargetDependency section */

/* Begin PBXVariantGroup section */
		D81A66C81F4F6E3E00543A8F /* LaunchScreen.storyboard */ = {
			isa = PBXVariantGroup;
			children = (
				D81A66C91F4F6E3E00543A8F /* Base */,
			);
			name = LaunchScreen.storyboard;
			sourceTree = "<group>";
		};
/* End PBXVariantGroup section */

/* Begin XCBuildConfiguration section */
		D81A66E21F4F6E3E00543A8F /* Debug */ = {
			isa = XCBuildConfiguration;
			buildSettings = {
				ALWAYS_SEARCH_USER_PATHS = NO;
				CLANG_ANALYZER_NONNULL = YES;
				CLANG_ANALYZER_NUMBER_OBJECT_CONVERSION = YES_AGGRESSIVE;
				CLANG_CXX_LANGUAGE_STANDARD = "gnu++0x";
				CLANG_CXX_LIBRARY = "libc++";
				CLANG_ENABLE_MODULES = YES;
				CLANG_ENABLE_OBJC_ARC = YES;
				CLANG_WARN_BLOCK_CAPTURE_AUTORELEASING = YES;
				CLANG_WARN_BOOL_CONVERSION = YES;
				CLANG_WARN_COMMA = YES;
				CLANG_WARN_CONSTANT_CONVERSION = YES;
				CLANG_WARN_DIRECT_OBJC_ISA_USAGE = YES_ERROR;
				CLANG_WARN_DOCUMENTATION_COMMENTS = YES;
				CLANG_WARN_EMPTY_BODY = YES;
				CLANG_WARN_ENUM_CONVERSION = YES;
				CLANG_WARN_INFINITE_RECURSION = YES;
				CLANG_WARN_INT_CONVERSION = YES;
				CLANG_WARN_NON_LITERAL_NULL_CONVERSION = YES;
				CLANG_WARN_OBJC_LITERAL_CONVERSION = YES;
				CLANG_WARN_OBJC_ROOT_CLASS = YES_ERROR;
				CLANG_WARN_RANGE_LOOP_ANALYSIS = YES;
				CLANG_WARN_STRICT_PROTOTYPES = YES;
				CLANG_WARN_SUSPICIOUS_MOVE = YES;
				CLANG_WARN_UNREACHABLE_CODE = YES;
				CLANG_WARN__DUPLICATE_METHOD_MATCH = YES;
				"CODE_SIGN_IDENTITY[sdk=iphoneos*]" = "iPhone Developer";
				COPY_PHASE_STRIP = NO;
				DEBUG_INFORMATION_FORMAT = dwarf;
				ENABLE_STRICT_OBJC_MSGSEND = YES;
				ENABLE_TESTABILITY = YES;
				GCC_C_LANGUAGE_STANDARD = gnu99;
				GCC_DYNAMIC_NO_PIC = NO;
				GCC_NO_COMMON_BLOCKS = YES;
				GCC_OPTIMIZATION_LEVEL = 0;
				GCC_PREPROCESSOR_DEFINITIONS = (
					"DEBUG=1",
					"$(inherited)",
				);
				GCC_WARN_64_TO_32_BIT_CONVERSION = YES;
				GCC_WARN_ABOUT_RETURN_TYPE = YES_ERROR;
				GCC_WARN_UNDECLARED_SELECTOR = YES;
				GCC_WARN_UNINITIALIZED_AUTOS = YES_AGGRESSIVE;
				GCC_WARN_UNUSED_FUNCTION = YES;
				GCC_WARN_UNUSED_VARIABLE = YES;
				IPHONEOS_DEPLOYMENT_TARGET = 10.3;
				MTL_ENABLE_DEBUG_INFO = YES;
				ONLY_ACTIVE_ARCH = YES;
				SDKROOT = iphoneos;
				SWIFT_ACTIVE_COMPILATION_CONDITIONS = DEBUG;
				SWIFT_OPTIMIZATION_LEVEL = "-Onone";
				TARGETED_DEVICE_FAMILY = "1,2";
			};
			name = Debug;
		};
		D81A66E31F4F6E3E00543A8F /* Release */ = {
			isa = XCBuildConfiguration;
			buildSettings = {
				ALWAYS_SEARCH_USER_PATHS = NO;
				CLANG_ANALYZER_NONNULL = YES;
				CLANG_ANALYZER_NUMBER_OBJECT_CONVERSION = YES_AGGRESSIVE;
				CLANG_CXX_LANGUAGE_STANDARD = "gnu++0x";
				CLANG_CXX_LIBRARY = "libc++";
				CLANG_ENABLE_MODULES = YES;
				CLANG_ENABLE_OBJC_ARC = YES;
				CLANG_WARN_BLOCK_CAPTURE_AUTORELEASING = YES;
				CLANG_WARN_BOOL_CONVERSION = YES;
				CLANG_WARN_COMMA = YES;
				CLANG_WARN_CONSTANT_CONVERSION = YES;
				CLANG_WARN_DIRECT_OBJC_ISA_USAGE = YES_ERROR;
				CLANG_WARN_DOCUMENTATION_COMMENTS = YES;
				CLANG_WARN_EMPTY_BODY = YES;
				CLANG_WARN_ENUM_CONVERSION = YES;
				CLANG_WARN_INFINITE_RECURSION = YES;
				CLANG_WARN_INT_CONVERSION = YES;
				CLANG_WARN_NON_LITERAL_NULL_CONVERSION = YES;
				CLANG_WARN_OBJC_LITERAL_CONVERSION = YES;
				CLANG_WARN_OBJC_ROOT_CLASS = YES_ERROR;
				CLANG_WARN_RANGE_LOOP_ANALYSIS = YES;
				CLANG_WARN_STRICT_PROTOTYPES = YES;
				CLANG_WARN_SUSPICIOUS_MOVE = YES;
				CLANG_WARN_UNREACHABLE_CODE = YES;
				CLANG_WARN__DUPLICATE_METHOD_MATCH = YES;
				"CODE_SIGN_IDENTITY[sdk=iphoneos*]" = "iPhone Developer";
				COPY_PHASE_STRIP = NO;
				DEBUG_INFORMATION_FORMAT = "dwarf-with-dsym";
				ENABLE_NS_ASSERTIONS = NO;
				ENABLE_STRICT_OBJC_MSGSEND = YES;
				GCC_C_LANGUAGE_STANDARD = gnu99;
				GCC_NO_COMMON_BLOCKS = YES;
				GCC_WARN_64_TO_32_BIT_CONVERSION = YES;
				GCC_WARN_ABOUT_RETURN_TYPE = YES_ERROR;
				GCC_WARN_UNDECLARED_SELECTOR = YES;
				GCC_WARN_UNINITIALIZED_AUTOS = YES_AGGRESSIVE;
				GCC_WARN_UNUSED_FUNCTION = YES;
				GCC_WARN_UNUSED_VARIABLE = YES;
				IPHONEOS_DEPLOYMENT_TARGET = 10.3;
				MTL_ENABLE_DEBUG_INFO = NO;
				SDKROOT = iphoneos;
				SWIFT_OPTIMIZATION_LEVEL = "-Owholemodule";
				TARGETED_DEVICE_FAMILY = "1,2";
				VALIDATE_PRODUCT = YES;
			};
			name = Release;
		};
		D81A66E51F4F6E3E00543A8F /* Debug */ = {
			isa = XCBuildConfiguration;
			baseConfigurationReference = 7B57B000E7390BB668F482F7 /* Pods-DJ APP.debug.xcconfig */;
			buildSettings = {
				ASSETCATALOG_COMPILER_APPICON_NAME = AppIcon;
				DEVELOPMENT_TEAM = 97RQYDCCB8;
				FRAMEWORK_SEARCH_PATHS = (
					"$(inherited)",
					"$(PROJECT_DIR)/DJ\\ APP/**",
				);
				INFOPLIST_FILE = "DJ APP/Info.plist";
				LD_RUNPATH_SEARCH_PATHS = "$(inherited) @executable_path/Frameworks";
				PRODUCT_BUNDLE_IDENTIFIER = "MMAT.DJ-APP";
				PRODUCT_NAME = "$(TARGET_NAME)";
				SWIFT_VERSION = 3.0;
				TARGETED_DEVICE_FAMILY = 1;
			};
			name = Debug;
		};
		D81A66E61F4F6E3E00543A8F /* Release */ = {
			isa = XCBuildConfiguration;
			baseConfigurationReference = 188BB2A11CC44D1AE4E80D2F /* Pods-DJ APP.release.xcconfig */;
			buildSettings = {
				ASSETCATALOG_COMPILER_APPICON_NAME = AppIcon;
				DEVELOPMENT_TEAM = 97RQYDCCB8;
				FRAMEWORK_SEARCH_PATHS = (
					"$(inherited)",
					"$(PROJECT_DIR)/DJ\\ APP/**",
				);
				INFOPLIST_FILE = "DJ APP/Info.plist";
				LD_RUNPATH_SEARCH_PATHS = "$(inherited) @executable_path/Frameworks";
				PRODUCT_BUNDLE_IDENTIFIER = "MMAT.DJ-APP";
				PRODUCT_NAME = "$(TARGET_NAME)";
				SWIFT_VERSION = 3.0;
				TARGETED_DEVICE_FAMILY = 1;
			};
			name = Release;
		};
		D81A66E81F4F6E3E00543A8F /* Debug */ = {
			isa = XCBuildConfiguration;
			baseConfigurationReference = E8B6905941C00083DBA8FAEE /* Pods-DJ APPTests.debug.xcconfig */;
			buildSettings = {
				ALWAYS_EMBED_SWIFT_STANDARD_LIBRARIES = YES;
				BUNDLE_LOADER = "$(TEST_HOST)";
				DEVELOPMENT_TEAM = 97RQYDCCB8;
				INFOPLIST_FILE = "DJ APPTests/Info.plist";
				LD_RUNPATH_SEARCH_PATHS = "$(inherited) @executable_path/Frameworks @loader_path/Frameworks";
				PRODUCT_BUNDLE_IDENTIFIER = "MMAT.DJ-APPTests";
				PRODUCT_NAME = "$(TARGET_NAME)";
				SWIFT_VERSION = 3.0;
				TEST_HOST = "$(BUILT_PRODUCTS_DIR)/DJ APP.app/DJ APP";
			};
			name = Debug;
		};
		D81A66E91F4F6E3E00543A8F /* Release */ = {
			isa = XCBuildConfiguration;
			baseConfigurationReference = 5D02D30DA68EF32D9F243A82 /* Pods-DJ APPTests.release.xcconfig */;
			buildSettings = {
				ALWAYS_EMBED_SWIFT_STANDARD_LIBRARIES = YES;
				BUNDLE_LOADER = "$(TEST_HOST)";
				DEVELOPMENT_TEAM = 97RQYDCCB8;
				INFOPLIST_FILE = "DJ APPTests/Info.plist";
				LD_RUNPATH_SEARCH_PATHS = "$(inherited) @executable_path/Frameworks @loader_path/Frameworks";
				PRODUCT_BUNDLE_IDENTIFIER = "MMAT.DJ-APPTests";
				PRODUCT_NAME = "$(TARGET_NAME)";
				SWIFT_VERSION = 3.0;
				TEST_HOST = "$(BUILT_PRODUCTS_DIR)/DJ APP.app/DJ APP";
			};
			name = Release;
		};
		D81A66EB1F4F6E3E00543A8F /* Debug */ = {
			isa = XCBuildConfiguration;
			baseConfigurationReference = DF9E8685B418938DBF98C491 /* Pods-DJ APPUITests.debug.xcconfig */;
			buildSettings = {
				ALWAYS_EMBED_SWIFT_STANDARD_LIBRARIES = YES;
				DEVELOPMENT_TEAM = 97RQYDCCB8;
				INFOPLIST_FILE = "DJ APPUITests/Info.plist";
				LD_RUNPATH_SEARCH_PATHS = "$(inherited) @executable_path/Frameworks @loader_path/Frameworks";
				PRODUCT_BUNDLE_IDENTIFIER = "MMAT.DJ-APPUITests";
				PRODUCT_NAME = "$(TARGET_NAME)";
				SWIFT_VERSION = 3.0;
				TEST_TARGET_NAME = "DJ APP";
			};
			name = Debug;
		};
		D81A66EC1F4F6E3E00543A8F /* Release */ = {
			isa = XCBuildConfiguration;
			baseConfigurationReference = 551F39FE0AEF518DA8E91F68 /* Pods-DJ APPUITests.release.xcconfig */;
			buildSettings = {
				ALWAYS_EMBED_SWIFT_STANDARD_LIBRARIES = YES;
				DEVELOPMENT_TEAM = 97RQYDCCB8;
				INFOPLIST_FILE = "DJ APPUITests/Info.plist";
				LD_RUNPATH_SEARCH_PATHS = "$(inherited) @executable_path/Frameworks @loader_path/Frameworks";
				PRODUCT_BUNDLE_IDENTIFIER = "MMAT.DJ-APPUITests";
				PRODUCT_NAME = "$(TARGET_NAME)";
				SWIFT_VERSION = 3.0;
				TEST_TARGET_NAME = "DJ APP";
			};
			name = Release;
		};
/* End XCBuildConfiguration section */

/* Begin XCConfigurationList section */
		D81A66B71F4F6E3D00543A8F /* Build configuration list for PBXProject "DJ APP" */ = {
			isa = XCConfigurationList;
			buildConfigurations = (
				D81A66E21F4F6E3E00543A8F /* Debug */,
				D81A66E31F4F6E3E00543A8F /* Release */,
			);
			defaultConfigurationIsVisible = 0;
			defaultConfigurationName = Release;
		};
		D81A66E41F4F6E3E00543A8F /* Build configuration list for PBXNativeTarget "DJ APP" */ = {
			isa = XCConfigurationList;
			buildConfigurations = (
				D81A66E51F4F6E3E00543A8F /* Debug */,
				D81A66E61F4F6E3E00543A8F /* Release */,
			);
			defaultConfigurationIsVisible = 0;
			defaultConfigurationName = Release;
		};
		D81A66E71F4F6E3E00543A8F /* Build configuration list for PBXNativeTarget "DJ APPTests" */ = {
			isa = XCConfigurationList;
			buildConfigurations = (
				D81A66E81F4F6E3E00543A8F /* Debug */,
				D81A66E91F4F6E3E00543A8F /* Release */,
			);
			defaultConfigurationIsVisible = 0;
			defaultConfigurationName = Release;
		};
		D81A66EA1F4F6E3E00543A8F /* Build configuration list for PBXNativeTarget "DJ APPUITests" */ = {
			isa = XCConfigurationList;
			buildConfigurations = (
				D81A66EB1F4F6E3E00543A8F /* Debug */,
				D81A66EC1F4F6E3E00543A8F /* Release */,
			);
			defaultConfigurationIsVisible = 0;
			defaultConfigurationName = Release;
		};
/* End XCConfigurationList section */
	};
	rootObject = D81A66B41F4F6E3D00543A8F /* Project object */;
}
