PODS:
  - CardsLayout (0.0.1)
  - Firebase/Auth (5.16.0):
    - Firebase/CoreOnly
    - FirebaseAuth (= 5.3.0)
  - Firebase/CoreOnly (5.16.0):
    - FirebaseCore (= 5.2.0)
  - Firebase/Database (5.16.0):
    - Firebase/CoreOnly
    - FirebaseDatabase (= 5.1.0)
  - Firebase/Storage (5.16.0):
    - Firebase/CoreOnly
    - FirebaseStorage (= 3.1.0)
  - FirebaseAuth (5.3.0):
    - FirebaseAuthInterop (~> 1.0)
    - FirebaseCore (~> 5.2)
    - GoogleUtilities/Environment (~> 5.2)
    - GTMSessionFetcher/Core (~> 1.1)
  - FirebaseAuthInterop (1.0.0)
  - FirebaseCore (5.2.0):
    - GoogleUtilities/Logger (~> 5.2)
  - FirebaseDatabase (5.1.0):
    - FirebaseAuthInterop (~> 1.0)
    - FirebaseCore (~> 5.2)
    - leveldb-library (~> 1.18)
  - FirebaseStorage (3.1.0):
    - FirebaseAuthInterop (~> 1.0)
    - FirebaseCore (~> 5.2)
    - GTMSessionFetcher/Core (~> 1.1)
  - GoogleMaps (3.0.2):
    - GoogleMaps/Maps (= 3.0.2)
  - GoogleMaps/Base (3.0.2)
  - GoogleMaps/Maps (3.0.2):
    - GoogleMaps/Base
  - GooglePlacePicker (3.0.2):
    - GoogleMaps (= 3.0.2)
    - GooglePlaces (= 3.0.2)
  - GooglePlaces (3.0.2):
    - GoogleMaps/Base (= 3.0.2)
  - GoogleUtilities/Environment (5.3.7)
  - GoogleUtilities/Logger (5.3.7):
    - GoogleUtilities/Environment
  - GTMSessionFetcher/Core (1.2.1)
  - JTAppleCalendar (7.1.6)
  - leveldb-library (1.20)
  - LGButton (1.1.5)

DEPENDENCIES:
  - CardsLayout
  - Firebase/Auth
  - Firebase/Database
  - Firebase/Storage
  - GoogleMaps
  - GooglePlacePicker
  - GooglePlaces
  - JTAppleCalendar (~> 7.1.4)
  - LGButton

SPEC REPOS:
  https://github.com/cocoapods/specs.git:
    - CardsLayout
    - Firebase
    - FirebaseAuth
    - FirebaseAuthInterop
    - FirebaseCore
    - FirebaseDatabase
    - FirebaseStorage
    - GoogleMaps
    - GooglePlacePicker
    - GooglePlaces
    - GoogleUtilities
    - GTMSessionFetcher
    - JTAppleCalendar
    - leveldb-library
    - LGButton

SPEC CHECKSUMS:
  CardsLayout: ceeb8f9c26319b47a2f0995ea4590cf7ba881462
  Firebase: 749a8ff4962f9d8c79dda1966de20f6f77583d67
  FirebaseAuth: c9b3ff063c223d2841d97240af547ce511bce19a
  FirebaseAuthInterop: 0ffa57668be100582bb7643d4fcb7615496c41fc
  FirebaseCore: ea2d1816723ef21492b8e9113303e1350db5e08c
  FirebaseDatabase: 23acb0c53cd4d4070a427b60100b2e4aaa97c45d
  FirebaseStorage: 29075f874c2b3cf61e5221a62c4ceefc809e5412
  GoogleMaps: 941cd655e009b4d8e42df19a3d749bc3fccec973
  GooglePlacePicker: 00a74c32477edc8e01a99cf49a6bd4e64767a2b1
  GooglePlaces: c086e0055dc5f0177d7c9d65fc77a1734f9a4825
  GoogleUtilities: 111a012f4c3a29c9e7c954c082fafd6ee3c999c0
  GTMSessionFetcher: 32aeca0aa144acea523e1c8e053089dec2cb98ca
  JTAppleCalendar: abb30678f42a4ef8a340a932b1dcb8c85a33dac2
  leveldb-library: 08cba283675b7ed2d99629a4bc5fd052cd2bb6a5
  LGButton: 4acce1fab5cc64f7774687d47438cd968cd53246

PODFILE CHECKSUM: 9b3e43bb53dff41e2ec6ac75480c44b1e360140c

COCOAPODS: 1.5.3
